
Microsoft Visual Studio Solution File, Format Version 12.00
# Visual Studio Version 17
VisualStudioVersion = 17.4.33103.184
MinimumVisualStudioVersion = 10.0.40219.1
Project("{9A19103F-16F7-4668-BE54-9A1E7A4F7556}") = "CarRent", "CarRent.csproj", "{990AD333-6EF8-4517-A7A6-40AA5DAEE58A}"
EndProject
Global
	GlobalSection(SolutionConfigurationPlatforms) = preSolution
		Debug|Any CPU = Debug|Any CPU
		Release|Any CPU = Release|Any CPU
	EndGlobalSection
	GlobalSection(ProjectConfigurationPlatforms) = postSolution
		{990AD333-6EF8-4517-A7A6-40AA5DAEE58A}.Debug|Any CPU.ActiveCfg = Debug|Any CPU
		{990AD333-6EF8-4517-A7A6-40AA5DAEE58A}.Debug|Any CPU.Build.0 = Debug|Any CPU
		{990AD333-6EF8-4517-A7A6-40AA5DAEE58A}.Release|Any CPU.ActiveCfg = Release|Any CPU
		{990AD333-6EF8-4517-A7A6-40AA5DAEE58A}.Release|Any CPU.Build.0 = Release|Any CPU
	EndGlobalSection
	GlobalSection(SolutionProperties) = preSolution
		HideSolutionNode = FALSE
	EndGlobalSection
	GlobalSection(ExtensibilityGlobals) = postSolution
		SolutionGuid = {0C4F89F3-37A9-4497-A36E-07261BA92E69}
	EndGlobalSection
EndGlobal
